#MicroXplorer Configuration settings - do not modify
CAD.formats=[]
CAD.pinconfig=Project naming
CAD.provider=
File.Version=6
GPIO.groupedBy=Group By Peripherals
KeepUserPlacement=false
MMTAppReg1.MEMORYMAP.AppRegionName=RAM
MMTAppReg1.MEMORYMAP.ContextName=Cortex-M4NS
MMTAppReg1.MEMORYMAP.CoreName=ARM Cortex-M4
MMTAppReg1.MEMORYMAP.DefaultDataRegion=true
MMTAppReg1.MEMORYMAP.IPParameters=StartAddress,Size,CoreName,DefaultDataRegion,ContextName,Name
MMTAppReg1.MEMORYMAP.Name=RAM
MMTAppReg1.MEMORYMAP.Size=64512
MMTAppReg1.MEMORYMAP.StartAddress=0x20000008
MMTAppReg2.MEMORYMAP.AppRegionName=FLASH
MMTAppReg2.MEMORYMAP.ContextName=Cortex-M4NS
MMTAppReg2.MEMORYMAP.CoreName=ARM Cortex-M4
MMTAppReg2.MEMORYMAP.DefaultCodeRegion=true
MMTAppReg2.MEMORYMAP.DefaultDataRegion=false
MMTAppReg2.MEMORYMAP.IPParameters=StartAddress,Size,CoreName,DefaultDataRegion,MemType,ContextName,Name,DefaultCodeRegion
MMTAppReg2.MEMORYMAP.MemType=ROM
MMTAppReg2.MEMORYMAP.Name=FLASH
MMTAppReg2.MEMORYMAP.Size=523264
MMTAppReg2.MEMORYMAP.StartAddress=0x08000000
MMTAppReg3.MEMORYMAP.AppRegionName=RAM_SHARED
MMTAppReg3.MEMORYMAP.ContextName=Cortex-M4NS
MMTAppReg3.MEMORYMAP.CoreName=ARM Cortex-M4
MMTAppReg3.MEMORYMAP.DefaultDataRegion=true
MMTAppReg3.MEMORYMAP.IPParameters=StartAddress,Size,CoreName,DefaultDataRegion,ContextName,Name
MMTAppReg3.MEMORYMAP.Name=RAM_SHARED
MMTAppReg3.MEMORYMAP.Size=9216
MMTAppReg3.MEMORYMAP.StartAddress=0x20030000
MMTAppReg4.MEMORYMAP.AppRegionName=RAM_SHARED Reserved Alias Region
MMTAppReg4.MEMORYMAP.CoreName=ARM Cortex-M4
MMTAppReg4.MEMORYMAP.DefaultDataRegion=false
MMTAppReg4.MEMORYMAP.IPParameters=StartAddress,Size,CoreName,DefaultDataRegion,ReservedRegion,Name
MMTAppReg4.MEMORYMAP.Name=RAM_SHARED Reserved Alias Region
MMTAppReg4.MEMORYMAP.ReservedRegion=true
MMTAppReg4.MEMORYMAP.Size=9216
MMTAppReg4.MEMORYMAP.StartAddress=0x10000000
MMTAppReg5.MEMORYMAP.AppRegionName=CM0 Firmware Ram2a
MMTAppReg5.MEMORYMAP.ContextName=Cortex-M4NS
MMTAppReg5.MEMORYMAP.CoreName=ARM Cortex-M4
MMTAppReg5.MEMORYMAP.DefaultDataRegion=false
MMTAppReg5.MEMORYMAP.IPParameters=StartAddress,Size,CoreName,SizeUnit,DefaultDataRegion,ContextName,Name,ReservedRegion
MMTAppReg5.MEMORYMAP.Name=CM0 Firmware Ram2a
MMTAppReg5.MEMORYMAP.ReservedRegion=true
MMTAppReg5.MEMORYMAP.Size=22528
MMTAppReg5.MEMORYMAP.SizeUnit=B
MMTAppReg5.MEMORYMAP.StartAddress=0x20032800
MMTAppReg6.MEMORYMAP.AppRegionName=CM0 Firmware Ram2a Reserved Alias Region
MMTAppReg6.MEMORYMAP.CoreName=ARM Cortex-M4
MMTAppReg6.MEMORYMAP.DefaultDataRegion=false
MMTAppReg6.MEMORYMAP.IPParameters=StartAddress,Size,CoreName,SizeUnit,DefaultDataRegion,ReservedRegion,Name
MMTAppReg6.MEMORYMAP.Name=CM0 Firmware Ram2a Reserved Alias Region
MMTAppReg6.MEMORYMAP.ReservedRegion=true
MMTAppReg6.MEMORYMAP.Size=22528
MMTAppReg6.MEMORYMAP.SizeUnit=B
MMTAppReg6.MEMORYMAP.StartAddress=0x10002800
MMTAppReg7.MEMORYMAP.AppRegionName=CM0 Firmware Ram2b
MMTAppReg7.MEMORYMAP.ContextName=Cortex-M4NS
MMTAppReg7.MEMORYMAP.CoreName=ARM Cortex-M4
MMTAppReg7.MEMORYMAP.DefaultDataRegion=false
MMTAppReg7.MEMORYMAP.IPParameters=StartAddress,Size,CoreName,SizeUnit,DefaultDataRegion,ContextName,Name,ReservedRegion
MMTAppReg7.MEMORYMAP.Name=CM0 Firmware Ram2b
MMTAppReg7.MEMORYMAP.ReservedRegion=true
MMTAppReg7.MEMORYMAP.Size=17408
MMTAppReg7.MEMORYMAP.SizeUnit=B
MMTAppReg7.MEMORYMAP.StartAddress=0x2003BC00
MMTAppReg8.MEMORYMAP.AppRegionName=CM0 Firmware Ram2b Reserved Alias Region
MMTAppReg8.MEMORYMAP.CoreName=ARM Cortex-M4
MMTAppReg8.MEMORYMAP.DefaultDataRegion=false
MMTAppReg8.MEMORYMAP.IPParameters=StartAddress,Size,CoreName,SizeUnit,DefaultDataRegion,ReservedRegion,Name
MMTAppReg8.MEMORYMAP.Name=CM0 Firmware Ram2b Reserved Alias Region
MMTAppReg8.MEMORYMAP.ReservedRegion=true
MMTAppReg8.MEMORYMAP.Size=17408
MMTAppReg8.MEMORYMAP.SizeUnit=B
MMTAppReg8.MEMORYMAP.StartAddress=0x1000BC00
MMTAppReg9.MEMORYMAP.AppRegionName=CM0 Firmware Flash
MMTAppReg9.MEMORYMAP.ContextName=Cortex-M4NS
MMTAppReg9.MEMORYMAP.CoreName=ARM Cortex-M4
MMTAppReg9.MEMORYMAP.DefaultDataRegion=false
MMTAppReg9.MEMORYMAP.IPParameters=StartAddress,Size,CoreName,SizeUnit,DefaultDataRegion,MemType,ContextName,Name,ReservedRegion
MMTAppReg9.MEMORYMAP.MemType=ROM
MMTAppReg9.MEMORYMAP.Name=CM0 Firmware Flash
MMTAppReg9.MEMORYMAP.ReservedRegion=true
MMTAppReg9.MEMORYMAP.Size=204800
MMTAppReg9.MEMORYMAP.SizeUnit=B
MMTAppReg9.MEMORYMAP.StartAddress=0x080CE000
MMTAppRegionsCount=9
MMTConfigApplied=false
Mcu.CPN=STM32WB50CGU5
Mcu.Family=STM32WB
Mcu.IP0=HSEM
Mcu.IP1=IPCC
Mcu.IP2=MEMORYMAP
Mcu.IP3=NVIC
Mcu.IP4=RCC
Mcu.IP5=RTC
Mcu.IP6=SYS
Mcu.IPNb=7
Mcu.Name=STM32WB50CGUx
Mcu.Package=UFQFPN48
Mcu.Pin0=PC14-OSC32_IN
Mcu.Pin1=PC15-OSC32_OUT
Mcu.Pin10=VP_HSEM_VS_HSEM
Mcu.Pin11=VP_IPCC_VS_IPCC
Mcu.Pin12=VP_RTC_VS_RTC_Activate
Mcu.Pin13=VP_SYS_VS_Systick
Mcu.Pin14=VP_MEMORYMAP_VS_MEMORYMAP
Mcu.Pin2=PA9
Mcu.Pin3=OSC_OUT
Mcu.Pin4=OSC_IN
Mcu.Pin5=PA13
Mcu.Pin6=PA14
Mcu.Pin7=PB5
Mcu.Pin8=PB6
Mcu.Pin9=PB7
Mcu.PinsNb=15
Mcu.ThirdPartyNb=0
Mcu.UserConstants=
Mcu.UserName=STM32WB50CGUx
MxCube.Version=6.12.1
MxDb.Version=DB.6.0.121
NVIC.BusFault_IRQn=true\:0\:0\:false\:false\:true\:false\:false\:false
NVIC.DebugMonitor_IRQn=true\:0\:0\:false\:false\:true\:false\:false\:false
NVIC.ForceEnableDMAVector=true
NVIC.HSEM_IRQn=true\:0\:0\:false\:false\:true\:false\:true\:true
NVIC.HardFault_IRQn=true\:0\:0\:false\:false\:true\:false\:false\:false
NVIC.IPCC_C1_RX_IRQn=true\:0\:0\:false\:false\:true\:true\:true\:true
NVIC.IPCC_C1_TX_IRQn=true\:0\:0\:false\:false\:true\:true\:true\:true
NVIC.MemoryManagement_IRQn=true\:0\:0\:false\:false\:true\:false\:false\:false
NVIC.NonMaskableInt_IRQn=true\:0\:0\:false\:false\:true\:false\:false\:false
NVIC.PendSV_IRQn=true\:0\:0\:false\:false\:true\:false\:false\:false
NVIC.PriorityGroup=NVIC_PRIORITYGROUP_4
NVIC.SVCall_IRQn=true\:0\:0\:false\:false\:true\:false\:false\:false
NVIC.SysTick_IRQn=true\:15\:0\:false\:false\:true\:false\:true\:false
NVIC.UsageFault_IRQn=true\:0\:0\:false\:false\:true\:false\:false\:false
OSC_IN.Mode=HSE-External-Oscillator
OSC_IN.Signal=RCC_OSC_IN
OSC_OUT.Mode=HSE-External-Oscillator
OSC_OUT.Signal=RCC_OSC_OUT
PA13.Mode=Serial_Wire
PA13.Signal=SYS_JTMS-SWDIO
PA14.Mode=Serial_Wire
PA14.Signal=SYS_JTCK-SWCLK
PA9.Locked=true
PA9.Signal=USART1_TX
PB5.GPIOParameters=GPIO_Speed,GPIO_PuPd,GPIO_Label,GPIO_ModeDefaultOutputPP
PB5.GPIO_Label=LED_G
PB5.GPIO_ModeDefaultOutputPP=GPIO_MODE_OUTPUT_OD
PB5.GPIO_PuPd=GPIO_NOPULL
PB5.GPIO_Speed=GPIO_SPEED_FREQ_LOW
PB5.Locked=true
PB5.Signal=GPIO_Output
PB6.GPIOParameters=GPIO_PuPd,GPIO_Label,GPIO_ModeDefaultOutputPP
PB6.GPIO_Label=LED_B
PB6.GPIO_ModeDefaultOutputPP=GPIO_MODE_OUTPUT_OD
PB6.GPIO_PuPd=GPIO_NOPULL
PB6.Locked=true
PB6.Signal=GPIO_Output
PB7.GPIOParameters=GPIO_PuPd,GPIO_Label,GPIO_ModeDefaultOutputPP
PB7.GPIO_Label=LED_R
PB7.GPIO_ModeDefaultOutputPP=GPIO_MODE_OUTPUT_OD
PB7.GPIO_PuPd=GPIO_NOPULL
PB7.Locked=true
PB7.Signal=GPIO_Output
PC14-OSC32_IN.Mode=LSE-External-Oscillator
PC14-OSC32_IN.Signal=RCC_OSC32_IN
PC15-OSC32_OUT.Mode=LSE-External-Oscillator
PC15-OSC32_OUT.Signal=RCC_OSC32_OUT
PCC.Ble.ConnectionInterval=1000.0
PCC.Ble.DataLength=6
PCC.Ble.IsUsed=false
PCC.Ble.Mode=NOT_SELECTED
PCC.Ble.PowerLevel=Min
PCC.Zigbee.IsUsed=false
PCC.Zigbee.Mode=Sleepy End Device
PCC.Zigbee.Payload=15
PCC.Zigbee.PoolPeriodicity=480.0
PCC.Zigbee.PowerLevel=Min
PCC.Zigbee.RequestPeriodicity=1500.0
PinOutPanel.RotationAngle=0
ProjectManager.AskForMigrate=true
ProjectManager.BackupPrevious=false
ProjectManager.CompilerOptimize=6
ProjectManager.ComputerToolchain=false
ProjectManager.CoupleFile=true
ProjectManager.CustomerFirmwarePackage=
ProjectManager.DefaultFWLocation=true
ProjectManager.DeletePrevious=true
ProjectManager.DeviceId=STM32WB50CGUx
ProjectManager.FirmwarePackage=STM32Cube FW_WB V1.15.0
ProjectManager.FreePins=true
ProjectManager.HalAssertFull=true
ProjectManager.HeapSize=0x400
ProjectManager.KeepUserCode=true
ProjectManager.LastFirmware=true
ProjectManager.LibraryCopy=1
ProjectManager.MainLocation=Core/Src
ProjectManager.NoMain=false
ProjectManager.PreviousToolchain=
ProjectManager.ProjectBuild=false
ProjectManager.ProjectFileName=board.ioc
ProjectManager.ProjectName=board
ProjectManager.ProjectStructure=
ProjectManager.RegisterCallBack=ADC
ProjectManager.StackSize=0x1000
ProjectManager.TargetToolchain=Makefile
ProjectManager.ToolChainLocation=
ProjectManager.UAScriptAfterPath=
ProjectManager.UAScriptBeforePath=
ProjectManager.UnderRoot=false
ProjectManager.functionlistsort=1-SystemClock_Config-RCC-false-HAL-false,2-MX_GPIO_Init-GPIO-false-HAL-true,3-MX_IPCC_Init-IPCC-false-HAL-true,4-MX_RTC_Init-RTC-false-HAL-true,0-MX_HSEM_Init-HSEM-false-HAL-true
RCC.ADCFreq_Value=32000000
RCC.AHBFreq_Value=32000000
RCC.APB1Freq_Value=32000000
RCC.APB1TimFreq_Value=32000000
RCC.APB2Freq_Value=32000000
RCC.APB2TimFreq_Value=32000000
RCC.APB3Freq_Value=16000000
RCC.Cortex2Freq_Value=32000000
RCC.CortexFreq_Value=32000000
RCC.FCLK2Freq_Value=32000000
RCC.FCLKCortexFreq_Value=32000000
RCC.FamilyName=M
RCC.HCLK2Freq_Value=32000000
RCC.HCLK3Freq_Value=32000000
RCC.HCLKFreq_Value=32000000
RCC.HCLKRFFreq_Value=16000000
RCC.HSE_VALUE=32000000
RCC.HSI48_VALUE=48000000
RCC.HSI_VALUE=16000000
RCC.I2C1Freq_Value=32000000
RCC.IPParameters=ADCFreq_Value,AHBFreq_Value,APB1Freq_Value,APB1TimFreq_Value,APB2Freq_Value,APB2TimFreq_Value,APB3Freq_Value,Cortex2Freq_Value,CortexFreq_Value,FCLK2Freq_Value,FCLKCortexFreq_Value,FamilyName,HCLK2Freq_Value,HCLK3Freq_Value,HCLKFreq_Value,HCLKRFFreq_Value,HSE_VALUE,HSI48_VALUE,HSI_VALUE,I2C1Freq_Value,LPTIM1Freq_Value,LPTIM2Freq_Value,LSCOPinFreq_Value,LSI_VALUE,MCO1PinFreq_Value,PLLPoutputFreq_Value,PLLQoutputFreq_Value,PLLRCLKFreq_Value,PLLSourceVirtual,PWRFreq_Value,RFWKPClockSelection,RFWKPFreq_Value,RNGFreq_Value,RTCClockSelection,RTCFreq_Value,SYSCLKFreq_VALUE,SYSCLKSource,USART1Freq_Value,VCOInputFreq_Value,VCOOutputFreq_Value
RCC.LPTIM1Freq_Value=32000000
RCC.LPTIM2Freq_Value=32000000
RCC.LSCOPinFreq_Value=32000
RCC.LSI_VALUE=32000
RCC.MCO1PinFreq_Value=32000000
RCC.PLLPoutputFreq_Value=128000000
RCC.PLLQoutputFreq_Value=128000000
RCC.PLLRCLKFreq_Value=128000000
RCC.PLLSourceVirtual=RCC_PLLSOURCE_HSE
RCC.PWRFreq_Value=32000000
RCC.RFWKPClockSelection=RCC_RFWKPCLKSOURCE_LSE
RCC.RFWKPFreq_Value=32768
RCC.RNGFreq_Value=32000
RCC.RTCClockSelection=RCC_RTCCLKSOURCE_LSE
RCC.RTCFreq_Value=32768
RCC.SYSCLKFreq_VALUE=32000000
RCC.SYSCLKSource=RCC_SYSCLKSOURCE_HSE
RCC.USART1Freq_Value=32000000
RCC.VCOInputFreq_Value=32000000
RCC.VCOOutputFreq_Value=256000000
VP_HSEM_VS_HSEM.Mode=HSEM_Activate
VP_HSEM_VS_HSEM.Signal=HSEM_VS_HSEM
VP_IPCC_VS_IPCC.Mode=IPCC_Activate
VP_IPCC_VS_IPCC.Signal=IPCC_VS_IPCC
VP_MEMORYMAP_VS_MEMORYMAP.Mode=CurAppReg
VP_MEMORYMAP_VS_MEMORYMAP.Signal=MEMORYMAP_VS_MEMORYMAP
VP_RTC_VS_RTC_Activate.Mode=RTC_Enabled
VP_RTC_VS_RTC_Activate.Signal=RTC_VS_RTC_Activate
VP_SYS_VS_Systick.Mode=SysTick
VP_SYS_VS_Systick.Signal=SYS_VS_Systick
board=custom
